
Microsoft Visual Studio Solution File, Format Version 12.00
# Visual Studio 15
VisualStudioVersion = 15.0.28307.1082
MinimumVisualStudioVersion = 10.0.40219.1
Project("{9A19103F-16F7-4668-BE54-9A1E7A4F7556}") = "DirectAidContract", "DirectAidContract\DirectAidContract.csproj", "{184F8627-0C84-4082-B2A3-1A18CED0BEB4}"
EndProject
Project("{9A19103F-16F7-4668-BE54-9A1E7A4F7556}") = "DirectAidContract.Tests", "DirectAidContract.Tests\DirectAidContract.Tests.csproj", "{D0886C91-B415-4B8C-A63E-DCB3A359F7F9}"
EndProject
Global
	GlobalSection(SolutionConfigurationPlatforms) = preSolution
		Debug|Any CPU = Debug|Any CPU
		Release|Any CPU = Release|Any CPU
	EndGlobalSection
	GlobalSection(ProjectConfigurationPlatforms) = postSolution
		{184F8627-0C84-4082-B2A3-1A18CED0BEB4}.Debug|Any CPU.ActiveCfg = Debug|Any CPU
		{184F8627-0C84-4082-B2A3-1A18CED0BEB4}.Debug|Any CPU.Build.0 = Debug|Any CPU
		{184F8627-0C84-4082-B2A3-1A18CED0BEB4}.Release|Any CPU.ActiveCfg = Release|Any CPU
		{184F8627-0C84-4082-B2A3-1A18CED0BEB4}.Release|Any CPU.Build.0 = Release|Any CPU
		{D0886C91-B415-4B8C-A63E-DCB3A359F7F9}.Debug|Any CPU.ActiveCfg = Debug|Any CPU
		{D0886C91-B415-4B8C-A63E-DCB3A359F7F9}.Debug|Any CPU.Build.0 = Debug|Any CPU
		{D0886C91-B415-4B8C-A63E-DCB3A359F7F9}.Release|Any CPU.ActiveCfg = Release|Any CPU
		{D0886C91-B415-4B8C-A63E-DCB3A359F7F9}.Release|Any CPU.Build.0 = Release|Any CPU
	EndGlobalSection
	GlobalSection(SolutionProperties) = preSolution
		HideSolutionNode = FALSE
	EndGlobalSection
	GlobalSection(ExtensibilityGlobals) = postSolution
		SolutionGuid = {641A1D8C-57F5-4A32-8B83-AD252267B6D1}
	EndGlobalSection
EndGlobal
